// !$*UTF8*$!
{
	archiveVersion = 1;
	classes = {
	};
	objectVersion = 46;
	objects = {

/* Begin PBXBuildFile section */
		239598776FA72BE9118087C6 /* Pods_Sutra.framework in Frameworks */ = {isa = PBXBuildFile; fileRef = 7C90CA0537C9674EE3A160C3 /* Pods_Sutra.framework */; };
		4C361E081EF164520041B5E3 /* JingTitleCell.m in Sources */ = {isa = PBXBuildFile; fileRef = 4C361E061EF164520041B5E3 /* JingTitleCell.m */; };
		4C361E091EF164520041B5E3 /* JingTitleCell.xib in Resources */ = {isa = PBXBuildFile; fileRef = 4C361E071EF164520041B5E3 /* JingTitleCell.xib */; };
		4CAD5A461EF2D35B0026A609 /* XueViewController.m in Sources */ = {isa = PBXBuildFile; fileRef = 4CAD5A441EF2D35B0026A609 /* XueViewController.m */; };
		4CAD5A471EF2D35B0026A609 /* XueViewController.xib in Resources */ = {isa = PBXBuildFile; fileRef = 4CAD5A451EF2D35B0026A609 /* XueViewController.xib */; };
		4CAD5A4B1EF2D5A20026A609 /* XueTitleCell.m in Sources */ = {isa = PBXBuildFile; fileRef = 4CAD5A491EF2D5A20026A609 /* XueTitleCell.m */; };
		4CAD5A4C1EF2D5A20026A609 /* XueTitleCell.xib in Resources */ = {isa = PBXBuildFile; fileRef = 4CAD5A4A1EF2D5A20026A609 /* XueTitleCell.xib */; };
		A44084591F03A821006A0F97 /* 0.sutra in Resources */ = {isa = PBXBuildFile; fileRef = A440843A1F03A821006A0F97 /* 0.sutra */; };
		A440845A1F03A821006A0F97 /* 阿弥陀经.sutra in Resources */ = {isa = PBXBuildFile; fileRef = A440843B1F03A821006A0F97 /* 阿弥陀经.sutra */; };
		A440845B1F03A821006A0F97 /* 宝鼎赞.sutra in Resources */ = {isa = PBXBuildFile; fileRef = A440843C1F03A821006A0F97 /* 宝鼎赞.sutra */; };
		A440845C1F03A821006A0F97 /* 大悲咒.sutra in Resources */ = {isa = PBXBuildFile; fileRef = A440843D1F03A821006A0F97 /* 大悲咒.sutra */; };
		A440845D1F03A821006A0F97 /* 地藏菩萨本愿经.sutra in Resources */ = {isa = PBXBuildFile; fileRef = A440843E1F03A821006A0F97 /* 地藏菩萨本愿经.sutra */; };
		A440845E1F03A821006A0F97 /* 发愿文慈云净土.sutra in Resources */ = {isa = PBXBuildFile; fileRef = A440843F1F03A821006A0F97 /* 发愿文慈云净土.sutra */; };
		A440845F1F03A821006A0F97 /* 发愿文普贤十大愿王.sutra in Resources */ = {isa = PBXBuildFile; fileRef = A44084401F03A821006A0F97 /* 发愿文普贤十大愿王.sutra */; };
		A44084601F03A821006A0F97 /* 法华经.sutra in Resources */ = {isa = PBXBuildFile; fileRef = A44084411F03A821006A0F97 /* 法华经.sutra */; };
		A44084611F03A821006A0F97 /* 观闻圣号.sutra in Resources */ = {isa = PBXBuildFile; fileRef = A44084421F03A821006A0F97 /* 观闻圣号.sutra */; };
		A44084621F03A821006A0F97 /* 华严经卷一.sutra in Resources */ = {isa = PBXBuildFile; fileRef = A44084431F03A821006A0F97 /* 华严经卷一.sutra */; };
		A44084631F03A821006A0F97 /* 回向偈.sutra in Resources */ = {isa = PBXBuildFile; fileRef = A44084441F03A821006A0F97 /* 回向偈.sutra */; };
		A44084641F03A821006A0F97 /* 伽蓝赞.sutra in Resources */ = {isa = PBXBuildFile; fileRef = A44084451F03A821006A0F97 /* 伽蓝赞.sutra */; };
		A44084651F03A821006A0F97 /* 金刚经.sutra in Resources */ = {isa = PBXBuildFile; fileRef = A44084461F03A821006A0F97 /* 金刚经.sutra */; };
		A44084661F03A821006A0F97 /* 课阿弥陀经.sutra in Resources */ = {isa = PBXBuildFile; fileRef = A44084471F03A821006A0F97 /* 课阿弥陀经.sutra */; };
		A44084671F03A821006A0F97 /* 课心经.sutra in Resources */ = {isa = PBXBuildFile; fileRef = A44084481F03A821006A0F97 /* 课心经.sutra */; };
		A44084681F03A821006A0F97 /* 楞严咒.sutra in Resources */ = {isa = PBXBuildFile; fileRef = A44084491F03A821006A0F97 /* 楞严咒.sutra */; };
		A44084691F03A821006A0F97 /* 礼佛大忏悔文.sutra in Resources */ = {isa = PBXBuildFile; fileRef = A440844A1F03A821006A0F97 /* 礼佛大忏悔文.sutra */; };
		A440846A1F03A821006A0F97 /* 六祖坛经.sutra in Resources */ = {isa = PBXBuildFile; fileRef = A440844B1F03A821006A0F97 /* 六祖坛经.sutra */; };
		A440846B1F03A821006A0F97 /* 蒙山施食.sutra in Resources */ = {isa = PBXBuildFile; fileRef = A440844C1F03A821006A0F97 /* 蒙山施食.sutra */; };
		A440846C1F03A821006A0F97 /* 念圣号.sutra in Resources */ = {isa = PBXBuildFile; fileRef = A440844D1F03A821006A0F97 /* 念圣号.sutra */; };
		A440846D1F03A821006A0F97 /* 普贤菩萨警众偈.sutra in Resources */ = {isa = PBXBuildFile; fileRef = A440844E1F03A821006A0F97 /* 普贤菩萨警众偈.sutra */; };
		A440846E1F03A821006A0F97 /* 三皈依.sutra in Resources */ = {isa = PBXBuildFile; fileRef = A440844F1F03A821006A0F97 /* 三皈依.sutra */; };
		A440846F1F03A821006A0F97 /* 十小咒.sutra in Resources */ = {isa = PBXBuildFile; fileRef = A44084501F03A821006A0F97 /* 十小咒.sutra */; };
		A44084701F03A821006A0F97 /* 往生咒.sutra in Resources */ = {isa = PBXBuildFile; fileRef = A44084511F03A821006A0F97 /* 往生咒.sutra */; };
		A44084711F03A821006A0F97 /* 韦天赞.sutra in Resources */ = {isa = PBXBuildFile; fileRef = A44084521F03A821006A0F97 /* 韦天赞.sutra */; };
		A44084721F03A821006A0F97 /* 无量寿经.sutra in Resources */ = {isa = PBXBuildFile; fileRef = A44084531F03A821006A0F97 /* 无量寿经.sutra */; };
		A44084731F03A821006A0F97 /* 香赞.sutra in Resources */ = {isa = PBXBuildFile; fileRef = A44084541F03A821006A0F97 /* 香赞.sutra */; };
		A44084741F03A821006A0F97 /* 心经.sutra in Resources */ = {isa = PBXBuildFile; fileRef = A44084551F03A821006A0F97 /* 心经.sutra */; };
		A44084751F03A821006A0F97 /* 心经old.sutra in Resources */ = {isa = PBXBuildFile; fileRef = A44084561F03A821006A0F97 /* 心经old.sutra */; };
		A44084761F03A821006A0F97 /* 赞佛偈.sutra in Resources */ = {isa = PBXBuildFile; fileRef = A44084571F03A821006A0F97 /* 赞佛偈.sutra */; };
		A44084771F03A821006A0F97 /* 赞观音文.sutra in Resources */ = {isa = PBXBuildFile; fileRef = A44084581F03A821006A0F97 /* 赞观音文.sutra */; };
		A440847F1F03A9E8006A0F97 /* KeViewController.m in Sources */ = {isa = PBXBuildFile; fileRef = A440847D1F03A9E8006A0F97 /* KeViewController.m */; };
		A44084801F03A9E8006A0F97 /* KeViewController.xib in Resources */ = {isa = PBXBuildFile; fileRef = A440847E1F03A9E8006A0F97 /* KeViewController.xib */; };
		A44084831F03AA44006A0F97 /* KeAlbum.m in Sources */ = {isa = PBXBuildFile; fileRef = A44084821F03AA44006A0F97 /* KeAlbum.m */; };
		A44084871F03ACAF006A0F97 /* KeTitleCell.m in Sources */ = {isa = PBXBuildFile; fileRef = A44084851F03ACAF006A0F97 /* KeTitleCell.m */; };
		A44084881F03ACAF006A0F97 /* KeTitleCell.xib in Resources */ = {isa = PBXBuildFile; fileRef = A44084861F03ACAF006A0F97 /* KeTitleCell.xib */; };
		A44267491EF3CFFD0012BC7F /* TuViewController.m in Sources */ = {isa = PBXBuildFile; fileRef = A44267471EF3CFFC0012BC7F /* TuViewController.m */; };
		A442674A1EF3CFFD0012BC7F /* TuViewController.xib in Resources */ = {isa = PBXBuildFile; fileRef = A44267481EF3CFFC0012BC7F /* TuViewController.xib */; };
		A44267511EF3D0380012BC7F /* YueViewController.m in Sources */ = {isa = PBXBuildFile; fileRef = A442674F1EF3D0380012BC7F /* YueViewController.m */; };
		A44267521EF3D0380012BC7F /* YueViewController.xib in Resources */ = {isa = PBXBuildFile; fileRef = A44267501EF3D0380012BC7F /* YueViewController.xib */; };
		A49F0DD91EF2618700D96CBD /* Default-568h@2x.png in Resources */ = {isa = PBXBuildFile; fileRef = A49F0DD61EF2618700D96CBD /* Default-568h@2x.png */; };
		A49F0DDA1EF2618700D96CBD /* Default.png in Resources */ = {isa = PBXBuildFile; fileRef = A49F0DD71EF2618700D96CBD /* Default.png */; };
		A49F0DDB1EF2618700D96CBD /* Default@2x.png in Resources */ = {isa = PBXBuildFile; fileRef = A49F0DD81EF2618700D96CBD /* Default@2x.png */; };
		A49F0DDD1EF2625D00D96CBD /* Default-2208.png in Resources */ = {isa = PBXBuildFile; fileRef = A49F0DDC1EF2625D00D96CBD /* Default-2208.png */; };
		A49F0DE11EF26B2400D96CBD /* JingListViewController.m in Sources */ = {isa = PBXBuildFile; fileRef = A49F0DDF1EF26B2400D96CBD /* JingListViewController.m */; };
		A49F0DE21EF26B2400D96CBD /* JingListViewController.xib in Resources */ = {isa = PBXBuildFile; fileRef = A49F0DE01EF26B2400D96CBD /* JingListViewController.xib */; };
		A4A4948D1EF0D97300B8435A /* MLNavigationController.m in Sources */ = {isa = PBXBuildFile; fileRef = A4A4948C1EF0D97300B8435A /* MLNavigationController.m */; };
		A4A494D21EF1113D00B8435A /* JingDetailCtrl.m in Sources */ = {isa = PBXBuildFile; fileRef = A4A494D01EF1113D00B8435A /* JingDetailCtrl.m */; };
		A4A494D31EF1113D00B8435A /* JingDetailCtrl.xib in Resources */ = {isa = PBXBuildFile; fileRef = A4A494D11EF1113D00B8435A /* JingDetailCtrl.xib */; };
		A4C4094A1EF0CFDF0041F285 /* main.m in Sources */ = {isa = PBXBuildFile; fileRef = A4C409491EF0CFDF0041F285 /* main.m */; };
		A4C4094D1EF0CFDF0041F285 /* AppDelegate.m in Sources */ = {isa = PBXBuildFile; fileRef = A4C4094C1EF0CFDF0041F285 /* AppDelegate.m */; };
		A4C409551EF0CFDF0041F285 /* Assets.xcassets in Resources */ = {isa = PBXBuildFile; fileRef = A4C409541EF0CFDF0041F285 /* Assets.xcassets */; };
		A4C409631EF0CFDF0041F285 /* SutraTests.m in Sources */ = {isa = PBXBuildFile; fileRef = A4C409621EF0CFDF0041F285 /* SutraTests.m */; };
		A4C4096E1EF0CFDF0041F285 /* SutraUITests.m in Sources */ = {isa = PBXBuildFile; fileRef = A4C4096D1EF0CFDF0041F285 /* SutraUITests.m */; };
		A4E472291EFD019900588339 /* jing@2x.png in Resources */ = {isa = PBXBuildFile; fileRef = A4E4721F1EFD019900588339 /* jing@2x.png */; };
		A4E4722A1EFD019900588339 /* jing_default@2x.png in Resources */ = {isa = PBXBuildFile; fileRef = A4E472201EFD019900588339 /* jing_default@2x.png */; };
		A4E4722B1EFD019900588339 /* ke@2x.png in Resources */ = {isa = PBXBuildFile; fileRef = A4E472211EFD019900588339 /* ke@2x.png */; };
		A4E4722C1EFD019900588339 /* ke_default@2x.png in Resources */ = {isa = PBXBuildFile; fileRef = A4E472221EFD019900588339 /* ke_default@2x.png */; };
		A4E4722D1EFD019900588339 /* tu@2x.png in Resources */ = {isa = PBXBuildFile; fileRef = A4E472231EFD019900588339 /* tu@2x.png */; };
		A4E4722E1EFD019900588339 /* tu_default@2x.png in Resources */ = {isa = PBXBuildFile; fileRef = A4E472241EFD019900588339 /* tu_default@2x.png */; };
		A4E4722F1EFD019900588339 /* xue@2x.png in Resources */ = {isa = PBXBuildFile; fileRef = A4E472251EFD019900588339 /* xue@2x.png */; };
		A4E472301EFD019900588339 /* xue_default@2x.png in Resources */ = {isa = PBXBuildFile; fileRef = A4E472261EFD019900588339 /* xue_default@2x.png */; };
		A4E472311EFD019900588339 /* yue@2x.png in Resources */ = {isa = PBXBuildFile; fileRef = A4E472271EFD019900588339 /* yue@2x.png */; };
		A4E472321EFD019900588339 /* yue_default@2x.png in Resources */ = {isa = PBXBuildFile; fileRef = A4E472281EFD019900588339 /* yue_default@2x.png */; };
/* End PBXBuildFile section */

/* Begin PBXContainerItemProxy section */
		A4C4095F1EF0CFDF0041F285 /* PBXContainerItemProxy */ = {
			isa = PBXContainerItemProxy;
			containerPortal = A4C4093D1EF0CFDF0041F285 /* Project object */;
			proxyType = 1;
			remoteGlobalIDString = A4C409441EF0CFDF0041F285;
			remoteInfo = Sutra;
		};
		A4C4096A1EF0CFDF0041F285 /* PBXContainerItemProxy */ = {
			isa = PBXContainerItemProxy;
			containerPortal = A4C4093D1EF0CFDF0041F285 /* Project object */;
			proxyType = 1;
			remoteGlobalIDString = A4C409441EF0CFDF0041F285;
			remoteInfo = Sutra;
		};
/* End PBXContainerItemProxy section */

/* Begin PBXFileReference section */
		4C361E051EF164520041B5E3 /* JingTitleCell.h */ = {isa = PBXFileReference; fileEncoding = 4; lastKnownFileType = sourcecode.c.h; path = JingTitleCell.h; sourceTree = "<group>"; };
		4C361E061EF164520041B5E3 /* JingTitleCell.m */ = {isa = PBXFileReference; fileEncoding = 4; lastKnownFileType = sourcecode.c.objc; path = JingTitleCell.m; sourceTree = "<group>"; };
		4C361E071EF164520041B5E3 /* JingTitleCell.xib */ = {isa = PBXFileReference; fileEncoding = 4; lastKnownFileType = file.xib; path = JingTitleCell.xib; sourceTree = "<group>"; };
		4CAD5A431EF2D35B0026A609 /* XueViewController.h */ = {isa = PBXFileReference; fileEncoding = 4; lastKnownFileType = sourcecode.c.h; path = XueViewController.h; sourceTree = "<group>"; };
		4CAD5A441EF2D35B0026A609 /* XueViewController.m */ = {isa = PBXFileReference; fileEncoding = 4; lastKnownFileType = sourcecode.c.objc; path = XueViewController.m; sourceTree = "<group>"; };
		4CAD5A451EF2D35B0026A609 /* XueViewController.xib */ = {isa = PBXFileReference; fileEncoding = 4; lastKnownFileType = file.xib; path = XueViewController.xib; sourceTree = "<group>"; };
		4CAD5A481EF2D5A20026A609 /* XueTitleCell.h */ = {isa = PBXFileReference; fileEncoding = 4; lastKnownFileType = sourcecode.c.h; path = XueTitleCell.h; sourceTree = "<group>"; };
		4CAD5A491EF2D5A20026A609 /* XueTitleCell.m */ = {isa = PBXFileReference; fileEncoding = 4; lastKnownFileType = sourcecode.c.objc; path = XueTitleCell.m; sourceTree = "<group>"; };
		4CAD5A4A1EF2D5A20026A609 /* XueTitleCell.xib */ = {isa = PBXFileReference; fileEncoding = 4; lastKnownFileType = file.xib; path = XueTitleCell.xib; sourceTree = "<group>"; };
		67D696DD2913914B88A70510 /* Pods-Sutra.debug.xcconfig */ = {isa = PBXFileReference; includeInIndex = 1; lastKnownFileType = text.xcconfig; name = "Pods-Sutra.debug.xcconfig"; path = "Pods/Target Support Files/Pods-Sutra/Pods-Sutra.debug.xcconfig"; sourceTree = "<group>"; };
		6CF3E837423B1993370890B5 /* Pods-Sutra.release.xcconfig */ = {isa = PBXFileReference; includeInIndex = 1; lastKnownFileType = text.xcconfig; name = "Pods-Sutra.release.xcconfig"; path = "Pods/Target Support Files/Pods-Sutra/Pods-Sutra.release.xcconfig"; sourceTree = "<group>"; };
		7C90CA0537C9674EE3A160C3 /* Pods_Sutra.framework */ = {isa = PBXFileReference; explicitFileType = wrapper.framework; includeInIndex = 0; path = Pods_Sutra.framework; sourceTree = BUILT_PRODUCTS_DIR; };
		A440843A1F03A821006A0F97 /* 0.sutra */ = {isa = PBXFileReference; lastKnownFileType = file; path = 0.sutra; sourceTree = "<group>"; };
		A440843B1F03A821006A0F97 /* 阿弥陀经.sutra */ = {isa = PBXFileReference; lastKnownFileType = file; path = "阿弥陀经.sutra"; sourceTree = "<group>"; };
		A440843C1F03A821006A0F97 /* 宝鼎赞.sutra */ = {isa = PBXFileReference; lastKnownFileType = file; path = "宝鼎赞.sutra"; sourceTree = "<group>"; };
		A440843D1F03A821006A0F97 /* 大悲咒.sutra */ = {isa = PBXFileReference; lastKnownFileType = file; path = "大悲咒.sutra"; sourceTree = "<group>"; };
		A440843E1F03A821006A0F97 /* 地藏菩萨本愿经.sutra */ = {isa = PBXFileReference; lastKnownFileType = file; path = "地藏菩萨本愿经.sutra"; sourceTree = "<group>"; };
		A440843F1F03A821006A0F97 /* 发愿文慈云净土.sutra */ = {isa = PBXFileReference; lastKnownFileType = file; path = "发愿文慈云净土.sutra"; sourceTree = "<group>"; };
		A44084401F03A821006A0F97 /* 发愿文普贤十大愿王.sutra */ = {isa = PBXFileReference; lastKnownFileType = file; path = "发愿文普贤十大愿王.sutra"; sourceTree = "<group>"; };
		A44084411F03A821006A0F97 /* 法华经.sutra */ = {isa = PBXFileReference; lastKnownFileType = file; path = "法华经.sutra"; sourceTree = "<group>"; };
		A44084421F03A821006A0F97 /* 观闻圣号.sutra */ = {isa = PBXFileReference; lastKnownFileType = file; path = "观闻圣号.sutra"; sourceTree = "<group>"; };
		A44084431F03A821006A0F97 /* 华严经卷一.sutra */ = {isa = PBXFileReference; lastKnownFileType = file; path = "华严经卷一.sutra"; sourceTree = "<group>"; };
		A44084441F03A821006A0F97 /* 回向偈.sutra */ = {isa = PBXFileReference; lastKnownFileType = file; path = "回向偈.sutra"; sourceTree = "<group>"; };
		A44084451F03A821006A0F97 /* 伽蓝赞.sutra */ = {isa = PBXFileReference; lastKnownFileType = file; path = "伽蓝赞.sutra"; sourceTree = "<group>"; };
		A44084461F03A821006A0F97 /* 金刚经.sutra */ = {isa = PBXFileReference; lastKnownFileType = file; path = "金刚经.sutra"; sourceTree = "<group>"; };
		A44084471F03A821006A0F97 /* 课阿弥陀经.sutra */ = {isa = PBXFileReference; lastKnownFileType = file; path = "课阿弥陀经.sutra"; sourceTree = "<group>"; };
		A44084481F03A821006A0F97 /* 课心经.sutra */ = {isa = PBXFileReference; lastKnownFileType = file; path = "课心经.sutra"; sourceTree = "<group>"; };
		A44084491F03A821006A0F97 /* 楞严咒.sutra */ = {isa = PBXFileReference; lastKnownFileType = file; path = "楞严咒.sutra"; sourceTree = "<group>"; };
		A440844A1F03A821006A0F97 /* 礼佛大忏悔文.sutra */ = {isa = PBXFileReference; lastKnownFileType = file; path = "礼佛大忏悔文.sutra"; sourceTree = "<group>"; };
		A440844B1F03A821006A0F97 /* 六祖坛经.sutra */ = {isa = PBXFileReference; lastKnownFileType = file; path = "六祖坛经.sutra"; sourceTree = "<group>"; };
		A440844C1F03A821006A0F97 /* 蒙山施食.sutra */ = {isa = PBXFileReference; lastKnownFileType = file; path = "蒙山施食.sutra"; sourceTree = "<group>"; };
		A440844D1F03A821006A0F97 /* 念圣号.sutra */ = {isa = PBXFileReference; lastKnownFileType = file; path = "念圣号.sutra"; sourceTree = "<group>"; };
		A440844E1F03A821006A0F97 /* 普贤菩萨警众偈.sutra */ = {isa = PBXFileReference; lastKnownFileType = file; path = "普贤菩萨警众偈.sutra"; sourceTree = "<group>"; };
		A440844F1F03A821006A0F97 /* 三皈依.sutra */ = {isa = PBXFileReference; lastKnownFileType = file; path = "三皈依.sutra"; sourceTree = "<group>"; };
		A44084501F03A821006A0F97 /* 十小咒.sutra */ = {isa = PBXFileReference; lastKnownFileType = file; path = "十小咒.sutra"; sourceTree = "<group>"; };
		A44084511F03A821006A0F97 /* 往生咒.sutra */ = {isa = PBXFileReference; lastKnownFileType = file; path = "往生咒.sutra"; sourceTree = "<group>"; };
		A44084521F03A821006A0F97 /* 韦天赞.sutra */ = {isa = PBXFileReference; lastKnownFileType = file; path = "韦天赞.sutra"; sourceTree = "<group>"; };
		A44084531F03A821006A0F97 /* 无量寿经.sutra */ = {isa = PBXFileReference; lastKnownFileType = file; path = "无量寿经.sutra"; sourceTree = "<group>"; };
		A44084541F03A821006A0F97 /* 香赞.sutra */ = {isa = PBXFileReference; lastKnownFileType = file; path = "香赞.sutra"; sourceTree = "<group>"; };
		A44084551F03A821006A0F97 /* 心经.sutra */ = {isa = PBXFileReference; lastKnownFileType = file; path = "心经.sutra"; sourceTree = "<group>"; };
		A44084561F03A821006A0F97 /* 心经old.sutra */ = {isa = PBXFileReference; lastKnownFileType = file; path = "心经old.sutra"; sourceTree = "<group>"; };
		A44084571F03A821006A0F97 /* 赞佛偈.sutra */ = {isa = PBXFileReference; lastKnownFileType = file; path = "赞佛偈.sutra"; sourceTree = "<group>"; };
		A44084581F03A821006A0F97 /* 赞观音文.sutra */ = {isa = PBXFileReference; lastKnownFileType = file; path = "赞观音文.sutra"; sourceTree = "<group>"; };
		A440847C1F03A9E8006A0F97 /* KeViewController.h */ = {isa = PBXFileReference; fileEncoding = 4; lastKnownFileType = sourcecode.c.h; path = KeViewController.h; sourceTree = "<group>"; };
		A440847D1F03A9E8006A0F97 /* KeViewController.m */ = {isa = PBXFileReference; fileEncoding = 4; lastKnownFileType = sourcecode.c.objc; path = KeViewController.m; sourceTree = "<group>"; };
		A440847E1F03A9E8006A0F97 /* KeViewController.xib */ = {isa = PBXFileReference; fileEncoding = 4; lastKnownFileType = file.xib; path = KeViewController.xib; sourceTree = "<group>"; };
		A44084811F03AA44006A0F97 /* KeAlbum.h */ = {isa = PBXFileReference; fileEncoding = 4; lastKnownFileType = sourcecode.c.h; path = KeAlbum.h; sourceTree = "<group>"; };
		A44084821F03AA44006A0F97 /* KeAlbum.m */ = {isa = PBXFileReference; fileEncoding = 4; lastKnownFileType = sourcecode.c.objc; path = KeAlbum.m; sourceTree = "<group>"; };
		A44084841F03ACAF006A0F97 /* KeTitleCell.h */ = {isa = PBXFileReference; fileEncoding = 4; lastKnownFileType = sourcecode.c.h; path = KeTitleCell.h; sourceTree = "<group>"; };
		A44084851F03ACAF006A0F97 /* KeTitleCell.m */ = {isa = PBXFileReference; fileEncoding = 4; lastKnownFileType = sourcecode.c.objc; path = KeTitleCell.m; sourceTree = "<group>"; };
		A44084861F03ACAF006A0F97 /* KeTitleCell.xib */ = {isa = PBXFileReference; fileEncoding = 4; lastKnownFileType = file.xib; path = KeTitleCell.xib; sourceTree = "<group>"; };
		A44267461EF3CFFC0012BC7F /* TuViewController.h */ = {isa = PBXFileReference; fileEncoding = 4; lastKnownFileType = sourcecode.c.h; path = TuViewController.h; sourceTree = "<group>"; };
		A44267471EF3CFFC0012BC7F /* TuViewController.m */ = {isa = PBXFileReference; fileEncoding = 4; lastKnownFileType = sourcecode.c.objc; path = TuViewController.m; sourceTree = "<group>"; };
		A44267481EF3CFFC0012BC7F /* TuViewController.xib */ = {isa = PBXFileReference; fileEncoding = 4; lastKnownFileType = file.xib; path = TuViewController.xib; sourceTree = "<group>"; };
		A442674E1EF3D0380012BC7F /* YueViewController.h */ = {isa = PBXFileReference; fileEncoding = 4; lastKnownFileType = sourcecode.c.h; path = YueViewController.h; sourceTree = "<group>"; };
		A442674F1EF3D0380012BC7F /* YueViewController.m */ = {isa = PBXFileReference; fileEncoding = 4; lastKnownFileType = sourcecode.c.objc; path = YueViewController.m; sourceTree = "<group>"; };
		A44267501EF3D0380012BC7F /* YueViewController.xib */ = {isa = PBXFileReference; fileEncoding = 4; lastKnownFileType = file.xib; path = YueViewController.xib; sourceTree = "<group>"; };
		A49F0DD61EF2618700D96CBD /* Default-568h@2x.png */ = {isa = PBXFileReference; lastKnownFileType = image.png; path = "Default-568h@2x.png"; sourceTree = "<group>"; };
		A49F0DD71EF2618700D96CBD /* Default.png */ = {isa = PBXFileReference; lastKnownFileType = image.png; path = Default.png; sourceTree = "<group>"; };
		A49F0DD81EF2618700D96CBD /* Default@2x.png */ = {isa = PBXFileReference; lastKnownFileType = image.png; path = "Default@2x.png"; sourceTree = "<group>"; };
		A49F0DDC1EF2625D00D96CBD /* Default-2208.png */ = {isa = PBXFileReference; lastKnownFileType = image.png; path = "Default-2208.png"; sourceTree = "<group>"; };
		A49F0DDE1EF26B2400D96CBD /* JingListViewController.h */ = {isa = PBXFileReference; fileEncoding = 4; lastKnownFileType = sourcecode.c.h; path = JingListViewController.h; sourceTree = "<group>"; };
		A49F0DDF1EF26B2400D96CBD /* JingListViewController.m */ = {isa = PBXFileReference; fileEncoding = 4; lastKnownFileType = sourcecode.c.objc; path = JingListViewController.m; sourceTree = "<group>"; };
		A49F0DE01EF26B2400D96CBD /* JingListViewController.xib */ = {isa = PBXFileReference; fileEncoding = 4; lastKnownFileType = file.xib; path = JingListViewController.xib; sourceTree = "<group>"; };
		A4A4948B1EF0D97300B8435A /* MLNavigationController.h */ = {isa = PBXFileReference; fileEncoding = 4; lastKnownFileType = sourcecode.c.h; path = MLNavigationController.h; sourceTree = "<group>"; };
		A4A4948C1EF0D97300B8435A /* MLNavigationController.m */ = {isa = PBXFileReference; fileEncoding = 4; lastKnownFileType = sourcecode.c.objc; path = MLNavigationController.m; sourceTree = "<group>"; };
		A4A494CF1EF1113D00B8435A /* JingDetailCtrl.h */ = {isa = PBXFileReference; fileEncoding = 4; lastKnownFileType = sourcecode.c.h; path = JingDetailCtrl.h; sourceTree = "<group>"; };
		A4A494D01EF1113D00B8435A /* JingDetailCtrl.m */ = {isa = PBXFileReference; fileEncoding = 4; lastKnownFileType = sourcecode.c.objc; path = JingDetailCtrl.m; sourceTree = "<group>"; };
		A4A494D11EF1113D00B8435A /* JingDetailCtrl.xib */ = {isa = PBXFileReference; fileEncoding = 4; lastKnownFileType = file.xib; path = JingDetailCtrl.xib; sourceTree = "<group>"; };
		A4C409451EF0CFDF0041F285 /* Sutra.app */ = {isa = PBXFileReference; explicitFileType = wrapper.application; includeInIndex = 0; path = Sutra.app; sourceTree = BUILT_PRODUCTS_DIR; };
		A4C409491EF0CFDF0041F285 /* main.m */ = {isa = PBXFileReference; lastKnownFileType = sourcecode.c.objc; path = main.m; sourceTree = "<group>"; };
		A4C4094B1EF0CFDF0041F285 /* AppDelegate.h */ = {isa = PBXFileReference; lastKnownFileType = sourcecode.c.h; path = AppDelegate.h; sourceTree = "<group>"; };
		A4C4094C1EF0CFDF0041F285 /* AppDelegate.m */ = {isa = PBXFileReference; lastKnownFileType = sourcecode.c.objc; path = AppDelegate.m; sourceTree = "<group>"; };
		A4C409541EF0CFDF0041F285 /* Assets.xcassets */ = {isa = PBXFileReference; lastKnownFileType = folder.assetcatalog; path = Assets.xcassets; sourceTree = "<group>"; };
		A4C409591EF0CFDF0041F285 /* Info.plist */ = {isa = PBXFileReference; lastKnownFileType = text.plist.xml; path = Info.plist; sourceTree = "<group>"; };
		A4C4095E1EF0CFDF0041F285 /* SutraTests.xctest */ = {isa = PBXFileReference; explicitFileType = wrapper.cfbundle; includeInIndex = 0; path = SutraTests.xctest; sourceTree = BUILT_PRODUCTS_DIR; };
		A4C409621EF0CFDF0041F285 /* SutraTests.m */ = {isa = PBXFileReference; lastKnownFileType = sourcecode.c.objc; path = SutraTests.m; sourceTree = "<group>"; };
		A4C409641EF0CFDF0041F285 /* Info.plist */ = {isa = PBXFileReference; lastKnownFileType = text.plist.xml; path = Info.plist; sourceTree = "<group>"; };
		A4C409691EF0CFDF0041F285 /* SutraUITests.xctest */ = {isa = PBXFileReference; explicitFileType = wrapper.cfbundle; includeInIndex = 0; path = SutraUITests.xctest; sourceTree = BUILT_PRODUCTS_DIR; };
		A4C4096D1EF0CFDF0041F285 /* SutraUITests.m */ = {isa = PBXFileReference; lastKnownFileType = sourcecode.c.objc; path = SutraUITests.m; sourceTree = "<group>"; };
		A4C4096F1EF0CFDF0041F285 /* Info.plist */ = {isa = PBXFileReference; lastKnownFileType = text.plist.xml; path = Info.plist; sourceTree = "<group>"; };
		A4E4721F1EFD019900588339 /* jing@2x.png */ = {isa = PBXFileReference; lastKnownFileType = image.png; path = "jing@2x.png"; sourceTree = "<group>"; };
		A4E472201EFD019900588339 /* jing_default@2x.png */ = {isa = PBXFileReference; lastKnownFileType = image.png; path = "jing_default@2x.png"; sourceTree = "<group>"; };
		A4E472211EFD019900588339 /* ke@2x.png */ = {isa = PBXFileReference; lastKnownFileType = image.png; path = "ke@2x.png"; sourceTree = "<group>"; };
		A4E472221EFD019900588339 /* ke_default@2x.png */ = {isa = PBXFileReference; lastKnownFileType = image.png; path = "ke_default@2x.png"; sourceTree = "<group>"; };
		A4E472231EFD019900588339 /* tu@2x.png */ = {isa = PBXFileReference; lastKnownFileType = image.png; path = "tu@2x.png"; sourceTree = "<group>"; };
		A4E472241EFD019900588339 /* tu_default@2x.png */ = {isa = PBXFileReference; lastKnownFileType = image.png; path = "tu_default@2x.png"; sourceTree = "<group>"; };
		A4E472251EFD019900588339 /* xue@2x.png */ = {isa = PBXFileReference; lastKnownFileType = image.png; path = "xue@2x.png"; sourceTree = "<group>"; };
		A4E472261EFD019900588339 /* xue_default@2x.png */ = {isa = PBXFileReference; lastKnownFileType = image.png; path = "xue_default@2x.png"; sourceTree = "<group>"; };
		A4E472271EFD019900588339 /* yue@2x.png */ = {isa = PBXFileReference; lastKnownFileType = image.png; path = "yue@2x.png"; sourceTree = "<group>"; };
		A4E472281EFD019900588339 /* yue_default@2x.png */ = {isa = PBXFileReference; lastKnownFileType = image.png; path = "yue_default@2x.png"; sourceTree = "<group>"; };
/* End PBXFileReference section */

/* Begin PBXFrameworksBuildPhase section */
		A4C409421EF0CFDF0041F285 /* Frameworks */ = {
			isa = PBXFrameworksBuildPhase;
			buildActionMask = 2147483647;
			files = (
				239598776FA72BE9118087C6 /* Pods_Sutra.framework in Frameworks */,
			);
			runOnlyForDeploymentPostprocessing = 0;
		};
		A4C4095B1EF0CFDF0041F285 /* Frameworks */ = {
			isa = PBXFrameworksBuildPhase;
			buildActionMask = 2147483647;
			files = (
			);
			runOnlyForDeploymentPostprocessing = 0;
		};
		A4C409661EF0CFDF0041F285 /* Frameworks */ = {
			isa = PBXFrameworksBuildPhase;
			buildActionMask = 2147483647;
			files = (
			);
			runOnlyForDeploymentPostprocessing = 0;
		};
/* End PBXFrameworksBuildPhase section */

/* Begin PBXGroup section */
		4C361E041EF1641F0041B5E3 /* View */ = {
			isa = PBXGroup;
			children = (
				4C361E051EF164520041B5E3 /* JingTitleCell.h */,
				4C361E061EF164520041B5E3 /* JingTitleCell.m */,
				4C361E071EF164520041B5E3 /* JingTitleCell.xib */,
			);
			path = View;
			sourceTree = "<group>";
		};
		4CAD5A401EF2D3140026A609 /* Xue */ = {
			isa = PBXGroup;
			children = (
				4CAD5A411EF2D3140026A609 /* Controller */,
				4CAD5A421EF2D3140026A609 /* View */,
			);
			path = Xue;
			sourceTree = "<group>";
		};
		4CAD5A411EF2D3140026A609 /* Controller */ = {
			isa = PBXGroup;
			children = (
				4CAD5A431EF2D35B0026A609 /* XueViewController.h */,
				4CAD5A441EF2D35B0026A609 /* XueViewController.m */,
				4CAD5A451EF2D35B0026A609 /* XueViewController.xib */,
			);
			path = Controller;
			sourceTree = "<group>";
		};
		4CAD5A421EF2D3140026A609 /* View */ = {
			isa = PBXGroup;
			children = (
				4CAD5A481EF2D5A20026A609 /* XueTitleCell.h */,
				4CAD5A491EF2D5A20026A609 /* XueTitleCell.m */,
				4CAD5A4A1EF2D5A20026A609 /* XueTitleCell.xib */,
			);
			path = View;
			sourceTree = "<group>";
		};
		634A7BEB070217EFDBE8FDB7 /* Frameworks */ = {
			isa = PBXGroup;
			children = (
				7C90CA0537C9674EE3A160C3 /* Pods_Sutra.framework */,
			);
			name = Frameworks;
			sourceTree = "<group>";
		};
		7798CF26E6CB827F16EE93CF /* Pods */ = {
			isa = PBXGroup;
			children = (
				67D696DD2913914B88A70510 /* Pods-Sutra.debug.xcconfig */,
				6CF3E837423B1993370890B5 /* Pods-Sutra.release.xcconfig */,
			);
			name = Pods;
			sourceTree = "<group>";
		};
		A44084781F03A9C1006A0F97 /* Ke */ = {
			isa = PBXGroup;
			children = (
				A44084791F03A9C1006A0F97 /* Controller */,
				A440847A1F03A9C1006A0F97 /* Model */,
				A440847B1F03A9C1006A0F97 /* View */,
			);
			path = Ke;
			sourceTree = "<group>";
		};
		A44084791F03A9C1006A0F97 /* Controller */ = {
			isa = PBXGroup;
			children = (
				A440847C1F03A9E8006A0F97 /* KeViewController.h */,
				A440847D1F03A9E8006A0F97 /* KeViewController.m */,
				A440847E1F03A9E8006A0F97 /* KeViewController.xib */,
			);
			path = Controller;
			sourceTree = "<group>";
		};
		A440847A1F03A9C1006A0F97 /* Model */ = {
			isa = PBXGroup;
			children = (
				A44084811F03AA44006A0F97 /* KeAlbum.h */,
				A44084821F03AA44006A0F97 /* KeAlbum.m */,
			);
			path = Model;
			sourceTree = "<group>";
		};
		A440847B1F03A9C1006A0F97 /* View */ = {
			isa = PBXGroup;
			children = (
				A44084841F03ACAF006A0F97 /* KeTitleCell.h */,
				A44084851F03ACAF006A0F97 /* KeTitleCell.m */,
				A44084861F03ACAF006A0F97 /* KeTitleCell.xib */,
			);
			path = View;
			sourceTree = "<group>";
		};
		A44267431EF3CFB40012BC7F /* Tu */ = {
			isa = PBXGroup;
			children = (
				A44267441EF3CFB40012BC7F /* Controller */,
			);
			path = Tu;
			sourceTree = "<group>";
		};
		A44267441EF3CFB40012BC7F /* Controller */ = {
			isa = PBXGroup;
			children = (
				A44267461EF3CFFC0012BC7F /* TuViewController.h */,
				A44267471EF3CFFC0012BC7F /* TuViewController.m */,
				A44267481EF3CFFC0012BC7F /* TuViewController.xib */,
			);
			path = Controller;
			sourceTree = "<group>";
		};
		A442674B1EF3D01C0012BC7F /* Yue */ = {
			isa = PBXGroup;
			children = (
				A442674C1EF3D01C0012BC7F /* Controller */,
			);
			path = Yue;
			sourceTree = "<group>";
		};
		A442674C1EF3D01C0012BC7F /* Controller */ = {
			isa = PBXGroup;
			children = (
				A442674E1EF3D0380012BC7F /* YueViewController.h */,
				A442674F1EF3D0380012BC7F /* YueViewController.m */,
				A44267501EF3D0380012BC7F /* YueViewController.xib */,
			);
			path = Controller;
			sourceTree = "<group>";
		};
		A4A4948A1EF0D97300B8435A /* Navigation */ = {
			isa = PBXGroup;
			children = (
				A4A4948B1EF0D97300B8435A /* MLNavigationController.h */,
				A4A4948C1EF0D97300B8435A /* MLNavigationController.m */,
			);
			path = Navigation;
			sourceTree = "<group>";
		};
		A4A4948E1EF10A2200B8435A /* View */ = {
			isa = PBXGroup;
			children = (
				A4A4948F1EF10A2200B8435A /* Jing */,
				A44084781F03A9C1006A0F97 /* Ke */,
				4CAD5A401EF2D3140026A609 /* Xue */,
				A442674B1EF3D01C0012BC7F /* Yue */,
				A44267431EF3CFB40012BC7F /* Tu */,
			);
			path = View;
			sourceTree = "<group>";
		};
		A4A4948F1EF10A2200B8435A /* Jing */ = {
			isa = PBXGroup;
			children = (
				A4A494901EF10A2200B8435A /* Controller */,
				4C361E041EF1641F0041B5E3 /* View */,
			);
			path = Jing;
			sourceTree = "<group>";
		};
		A4A494901EF10A2200B8435A /* Controller */ = {
			isa = PBXGroup;
			children = (
				A49F0DDE1EF26B2400D96CBD /* JingListViewController.h */,
				A49F0DDF1EF26B2400D96CBD /* JingListViewController.m */,
				A49F0DE01EF26B2400D96CBD /* JingListViewController.xib */,
				A4A494CF1EF1113D00B8435A /* JingDetailCtrl.h */,
				A4A494D01EF1113D00B8435A /* JingDetailCtrl.m */,
				A4A494D11EF1113D00B8435A /* JingDetailCtrl.xib */,
			);
			path = Controller;
			sourceTree = "<group>";
		};
		A4A4949E1EF10AE200B8435A /* Resources */ = {
			isa = PBXGroup;
			children = (
				A4A494E71EF11D9C00B8435A /* HTMLFile */,
				A4E4721E1EFD019900588339 /* Icon */,
				A4A494A01EF10AE200B8435A /* Launch */,
			);
			path = Resources;
			sourceTree = "<group>";
		};
		A4A494A01EF10AE200B8435A /* Launch */ = {
			isa = PBXGroup;
			children = (
				A49F0DDC1EF2625D00D96CBD /* Default-2208.png */,
				A49F0DD61EF2618700D96CBD /* Default-568h@2x.png */,
				A49F0DD71EF2618700D96CBD /* Default.png */,
				A49F0DD81EF2618700D96CBD /* Default@2x.png */,
			);
			path = Launch;
			sourceTree = "<group>";
		};
		A4A494E71EF11D9C00B8435A /* HTMLFile */ = {
			isa = PBXGroup;
			children = (
				A440843A1F03A821006A0F97 /* 0.sutra */,
				A440843B1F03A821006A0F97 /* 阿弥陀经.sutra */,
				A440843C1F03A821006A0F97 /* 宝鼎赞.sutra */,
				A440843D1F03A821006A0F97 /* 大悲咒.sutra */,
				A440843E1F03A821006A0F97 /* 地藏菩萨本愿经.sutra */,
				A440843F1F03A821006A0F97 /* 发愿文慈云净土.sutra */,
				A44084401F03A821006A0F97 /* 发愿文普贤十大愿王.sutra */,
				A44084411F03A821006A0F97 /* 法华经.sutra */,
				A44084421F03A821006A0F97 /* 观闻圣号.sutra */,
				A44084431F03A821006A0F97 /* 华严经卷一.sutra */,
				A44084441F03A821006A0F97 /* 回向偈.sutra */,
				A44084451F03A821006A0F97 /* 伽蓝赞.sutra */,
				A44084461F03A821006A0F97 /* 金刚经.sutra */,
				A44084471F03A821006A0F97 /* 课阿弥陀经.sutra */,
				A44084481F03A821006A0F97 /* 课心经.sutra */,
				A44084491F03A821006A0F97 /* 楞严咒.sutra */,
				A440844A1F03A821006A0F97 /* 礼佛大忏悔文.sutra */,
				A440844B1F03A821006A0F97 /* 六祖坛经.sutra */,
				A440844C1F03A821006A0F97 /* 蒙山施食.sutra */,
				A440844D1F03A821006A0F97 /* 念圣号.sutra */,
				A440844E1F03A821006A0F97 /* 普贤菩萨警众偈.sutra */,
				A440844F1F03A821006A0F97 /* 三皈依.sutra */,
				A44084501F03A821006A0F97 /* 十小咒.sutra */,
				A44084511F03A821006A0F97 /* 往生咒.sutra */,
				A44084521F03A821006A0F97 /* 韦天赞.sutra */,
				A44084531F03A821006A0F97 /* 无量寿经.sutra */,
				A44084541F03A821006A0F97 /* 香赞.sutra */,
				A44084551F03A821006A0F97 /* 心经.sutra */,
				A44084561F03A821006A0F97 /* 心经old.sutra */,
				A44084571F03A821006A0F97 /* 赞佛偈.sutra */,
				A44084581F03A821006A0F97 /* 赞观音文.sutra */,
			);
			path = HTMLFile;
			sourceTree = "<group>";
		};
		A4C4093C1EF0CFDF0041F285 = {
			isa = PBXGroup;
			children = (
				A4C409471EF0CFDF0041F285 /* Sutra */,
				A4C409611EF0CFDF0041F285 /* SutraTests */,
				A4C4096C1EF0CFDF0041F285 /* SutraUITests */,
				A4C409461EF0CFDF0041F285 /* Products */,
				7798CF26E6CB827F16EE93CF /* Pods */,
				634A7BEB070217EFDBE8FDB7 /* Frameworks */,
			);
			sourceTree = "<group>";
		};
		A4C409461EF0CFDF0041F285 /* Products */ = {
			isa = PBXGroup;
			children = (
				A4C409451EF0CFDF0041F285 /* Sutra.app */,
				A4C4095E1EF0CFDF0041F285 /* SutraTests.xctest */,
				A4C409691EF0CFDF0041F285 /* SutraUITests.xctest */,
			);
			name = Products;
			sourceTree = "<group>";
		};
		A4C409471EF0CFDF0041F285 /* Sutra */ = {
			isa = PBXGroup;
			children = (
				A4C4094B1EF0CFDF0041F285 /* AppDelegate.h */,
				A4C4094C1EF0CFDF0041F285 /* AppDelegate.m */,
				A4A4948E1EF10A2200B8435A /* View */,
				A4A4948A1EF0D97300B8435A /* Navigation */,
				A4C409541EF0CFDF0041F285 /* Assets.xcassets */,
				A4C409591EF0CFDF0041F285 /* Info.plist */,
				A4A4949E1EF10AE200B8435A /* Resources */,
				A4C409481EF0CFDF0041F285 /* Supporting Files */,
			);
			path = Sutra;
			sourceTree = "<group>";
		};
		A4C409481EF0CFDF0041F285 /* Supporting Files */ = {
			isa = PBXGroup;
			children = (
				A4C409491EF0CFDF0041F285 /* main.m */,
			);
			name = "Supporting Files";
			sourceTree = "<group>";
		};
		A4C409611EF0CFDF0041F285 /* SutraTests */ = {
			isa = PBXGroup;
			children = (
				A4C409621EF0CFDF0041F285 /* SutraTests.m */,
				A4C409641EF0CFDF0041F285 /* Info.plist */,
			);
			path = SutraTests;
			sourceTree = "<group>";
		};
		A4C4096C1EF0CFDF0041F285 /* SutraUITests */ = {
			isa = PBXGroup;
			children = (
				A4C4096D1EF0CFDF0041F285 /* SutraUITests.m */,
				A4C4096F1EF0CFDF0041F285 /* Info.plist */,
			);
			path = SutraUITests;
			sourceTree = "<group>";
		};
		A4E4721E1EFD019900588339 /* Icon */ = {
			isa = PBXGroup;
			children = (
				A4E4721F1EFD019900588339 /* jing@2x.png */,
				A4E472201EFD019900588339 /* jing_default@2x.png */,
				A4E472211EFD019900588339 /* ke@2x.png */,
				A4E472221EFD019900588339 /* ke_default@2x.png */,
				A4E472231EFD019900588339 /* tu@2x.png */,
				A4E472241EFD019900588339 /* tu_default@2x.png */,
				A4E472251EFD019900588339 /* xue@2x.png */,
				A4E472261EFD019900588339 /* xue_default@2x.png */,
				A4E472271EFD019900588339 /* yue@2x.png */,
				A4E472281EFD019900588339 /* yue_default@2x.png */,
			);
			path = Icon;
			sourceTree = "<group>";
		};
/* End PBXGroup section */

/* Begin PBXNativeTarget section */
		A4C409441EF0CFDF0041F285 /* Sutra */ = {
			isa = PBXNativeTarget;
			buildConfigurationList = A4C409721EF0CFDF0041F285 /* Build configuration list for PBXNativeTarget "Sutra" */;
			buildPhases = (
				64240C6E42F7375DE176A081 /* [CP] Check Pods Manifest.lock */,
				A4C409411EF0CFDF0041F285 /* Sources */,
				A4C409421EF0CFDF0041F285 /* Frameworks */,
				A4C409431EF0CFDF0041F285 /* Resources */,
				3318DBEA20E01ECED21FC5A9 /* [CP] Embed Pods Frameworks */,
				19141C40271A26A867DCB659 /* [CP] Copy Pods Resources */,
			);
			buildRules = (
			);
			dependencies = (
			);
			name = Sutra;
			productName = Sutra;
			productReference = A4C409451EF0CFDF0041F285 /* Sutra.app */;
			productType = "com.apple.product-type.application";
		};
		A4C4095D1EF0CFDF0041F285 /* SutraTests */ = {
			isa = PBXNativeTarget;
			buildConfigurationList = A4C409751EF0CFDF0041F285 /* Build configuration list for PBXNativeTarget "SutraTests" */;
			buildPhases = (
				A4C4095A1EF0CFDF0041F285 /* Sources */,
				A4C4095B1EF0CFDF0041F285 /* Frameworks */,
				A4C4095C1EF0CFDF0041F285 /* Resources */,
			);
			buildRules = (
			);
			dependencies = (
				A4C409601EF0CFDF0041F285 /* PBXTargetDependency */,
			);
			name = SutraTests;
			productName = SutraTests;
			productReference = A4C4095E1EF0CFDF0041F285 /* SutraTests.xctest */;
			productType = "com.apple.product-type.bundle.unit-test";
		};
		A4C409681EF0CFDF0041F285 /* SutraUITests */ = {
			isa = PBXNativeTarget;
			buildConfigurationList = A4C409781EF0CFDF0041F285 /* Build configuration list for PBXNativeTarget "SutraUITests" */;
			buildPhases = (
				A4C409651EF0CFDF0041F285 /* Sources */,
				A4C409661EF0CFDF0041F285 /* Frameworks */,
				A4C409671EF0CFDF0041F285 /* Resources */,
			);
			buildRules = (
			);
			dependencies = (
				A4C4096B1EF0CFDF0041F285 /* PBXTargetDependency */,
			);
			name = SutraUITests;
			productName = SutraUITests;
			productReference = A4C409691EF0CFDF0041F285 /* SutraUITests.xctest */;
			productType = "com.apple.product-type.bundle.ui-testing";
		};
/* End PBXNativeTarget section */

/* Begin PBXProject section */
		A4C4093D1EF0CFDF0041F285 /* Project object */ = {
			isa = PBXProject;
			attributes = {
				LastUpgradeCheck = 0830;
				ORGANIZATIONNAME = com.medica;
				TargetAttributes = {
					A4C409441EF0CFDF0041F285 = {
						CreatedOnToolsVersion = 8.3.3;
						DevelopmentTeam = NV3296URNT;
						ProvisioningStyle = Automatic;
					};
					A4C4095D1EF0CFDF0041F285 = {
						CreatedOnToolsVersion = 8.3.3;
						DevelopmentTeam = TGV2ER7UVL;
						ProvisioningStyle = Automatic;
						TestTargetID = A4C409441EF0CFDF0041F285;
					};
					A4C409681EF0CFDF0041F285 = {
						CreatedOnToolsVersion = 8.3.3;
						DevelopmentTeam = TGV2ER7UVL;
						ProvisioningStyle = Automatic;
						TestTargetID = A4C409441EF0CFDF0041F285;
					};
				};
			};
			buildConfigurationList = A4C409401EF0CFDF0041F285 /* Build configuration list for PBXProject "Sutra" */;
			compatibilityVersion = "Xcode 3.2";
			developmentRegion = English;
			hasScannedForEncodings = 0;
			knownRegions = (
				en,
				Base,
			);
			mainGroup = A4C4093C1EF0CFDF0041F285;
			productRefGroup = A4C409461EF0CFDF0041F285 /* Products */;
			projectDirPath = "";
			projectRoot = "";
			targets = (
				A4C409441EF0CFDF0041F285 /* Sutra */,
				A4C4095D1EF0CFDF0041F285 /* SutraTests */,
				A4C409681EF0CFDF0041F285 /* SutraUITests */,
			);
		};
/* End PBXProject section */

/* Begin PBXResourcesBuildPhase section */
		A4C409431EF0CFDF0041F285 /* Resources */ = {
			isa = PBXResourcesBuildPhase;
			buildActionMask = 2147483647;
			files = (
				A44084711F03A821006A0F97 /* 韦天赞.sutra in Resources */,
				A440846F1F03A821006A0F97 /* 十小咒.sutra in Resources */,
				A4E4722F1EFD019900588339 /* xue@2x.png in Resources */,
				A44084671F03A821006A0F97 /* 课心经.sutra in Resources */,
				A44084721F03A821006A0F97 /* 无量寿经.sutra in Resources */,
				A44084621F03A821006A0F97 /* 华严经卷一.sutra in Resources */,
				A4E4722A1EFD019900588339 /* jing_default@2x.png in Resources */,
				A440846E1F03A821006A0F97 /* 三皈依.sutra in Resources */,
				A49F0DE21EF26B2400D96CBD /* JingListViewController.xib in Resources */,
				A44084701F03A821006A0F97 /* 往生咒.sutra in Resources */,
				A49F0DDB1EF2618700D96CBD /* Default@2x.png in Resources */,
				4C361E091EF164520041B5E3 /* JingTitleCell.xib in Resources */,
				A440845C1F03A821006A0F97 /* 大悲咒.sutra in Resources */,
				A44084651F03A821006A0F97 /* 金刚经.sutra in Resources */,
				A44084601F03A821006A0F97 /* 法华经.sutra in Resources */,
				A4E4722E1EFD019900588339 /* tu_default@2x.png in Resources */,
				A4E4722C1EFD019900588339 /* ke_default@2x.png in Resources */,
				A49F0DD91EF2618700D96CBD /* Default-568h@2x.png in Resources */,
				A440846C1F03A821006A0F97 /* 念圣号.sutra in Resources */,
				A44084881F03ACAF006A0F97 /* KeTitleCell.xib in Resources */,
				A44084731F03A821006A0F97 /* 香赞.sutra in Resources */,
				A44267521EF3D0380012BC7F /* YueViewController.xib in Resources */,
				A4E472291EFD019900588339 /* jing@2x.png in Resources */,
				A44084591F03A821006A0F97 /* 0.sutra in Resources */,
				A4E4722D1EFD019900588339 /* tu@2x.png in Resources */,
				A44084631F03A821006A0F97 /* 回向偈.sutra in Resources */,
				A4A494D31EF1113D00B8435A /* JingDetailCtrl.xib in Resources */,
				4CAD5A4C1EF2D5A20026A609 /* XueTitleCell.xib in Resources */,
				A44084761F03A821006A0F97 /* 赞佛偈.sutra in Resources */,
				A44084611F03A821006A0F97 /* 观闻圣号.sutra in Resources */,
				A442674A1EF3CFFD0012BC7F /* TuViewController.xib in Resources */,
				A44084741F03A821006A0F97 /* 心经.sutra in Resources */,
				A49F0DDD1EF2625D00D96CBD /* Default-2208.png in Resources */,
				A49F0DDA1EF2618700D96CBD /* Default.png in Resources */,
				4CAD5A471EF2D35B0026A609 /* XueViewController.xib in Resources */,
				A440845B1F03A821006A0F97 /* 宝鼎赞.sutra in Resources */,
				A44084661F03A821006A0F97 /* 课阿弥陀经.sutra in Resources */,
				A440845A1F03A821006A0F97 /* 阿弥陀经.sutra in Resources */,
				A440846D1F03A821006A0F97 /* 普贤菩萨警众偈.sutra in Resources */,
				A440845E1F03A821006A0F97 /* 发愿文慈云净土.sutra in Resources */,
				A44084681F03A821006A0F97 /* 楞严咒.sutra in Resources */,
				A4E472311EFD019900588339 /* yue@2x.png in Resources */,
				A440845D1F03A821006A0F97 /* 地藏菩萨本愿经.sutra in Resources */,
				A4E4722B1EFD019900588339 /* ke@2x.png in Resources */,
				A44084691F03A821006A0F97 /* 礼佛大忏悔文.sutra in Resources */,
				A4E472301EFD019900588339 /* xue_default@2x.png in Resources */,
				A44084641F03A821006A0F97 /* 伽蓝赞.sutra in Resources */,
				A440846A1F03A821006A0F97 /* 六祖坛经.sutra in Resources */,
				A44084771F03A821006A0F97 /* 赞观音文.sutra in Resources */,
				A4C409551EF0CFDF0041F285 /* Assets.xcassets in Resources */,
				A4E472321EFD019900588339 /* yue_default@2x.png in Resources */,
				A440845F1F03A821006A0F97 /* 发愿文普贤十大愿王.sutra in Resources */,
				A44084751F03A821006A0F97 /* 心经old.sutra in Resources */,
				A44084801F03A9E8006A0F97 /* KeViewController.xib in Resources */,
				A440846B1F03A821006A0F97 /* 蒙山施食.sutra in Resources */,
			);
			runOnlyForDeploymentPostprocessing = 0;
		};
		A4C4095C1EF0CFDF0041F285 /* Resources */ = {
			isa = PBXResourcesBuildPhase;
			buildActionMask = 2147483647;
			files = (
			);
			runOnlyForDeploymentPostprocessing = 0;
		};
		A4C409671EF0CFDF0041F285 /* Resources */ = {
			isa = PBXResourcesBuildPhase;
			buildActionMask = 2147483647;
			files = (
			);
			runOnlyForDeploymentPostprocessing = 0;
		};
/* End PBXResourcesBuildPhase section */

/* Begin PBXShellScriptBuildPhase section */
		19141C40271A26A867DCB659 /* [CP] Copy Pods Resources */ = {
			isa = PBXShellScriptBuildPhase;
			buildActionMask = 2147483647;
			files = (
			);
			inputPaths = (
			);
			name = "[CP] Copy Pods Resources";
			outputPaths = (
			);
			runOnlyForDeploymentPostprocessing = 0;
			shellPath = /bin/sh;
			shellScript = "\"${SRCROOT}/Pods/Target Support Files/Pods-Sutra/Pods-Sutra-resources.sh\"\n";
			showEnvVarsInLog = 0;
		};
		3318DBEA20E01ECED21FC5A9 /* [CP] Embed Pods Frameworks */ = {
			isa = PBXShellScriptBuildPhase;
			buildActionMask = 2147483647;
			files = (
			);
			inputPaths = (
			);
			name = "[CP] Embed Pods Frameworks";
			outputPaths = (
			);
			runOnlyForDeploymentPostprocessing = 0;
			shellPath = /bin/sh;
			shellScript = "\"${SRCROOT}/Pods/Target Support Files/Pods-Sutra/Pods-Sutra-frameworks.sh\"\n";
			showEnvVarsInLog = 0;
		};
		64240C6E42F7375DE176A081 /* [CP] Check Pods Manifest.lock */ = {
			isa = PBXShellScriptBuildPhase;
			buildActionMask = 2147483647;
			files = (
			);
			inputPaths = (
			);
			name = "[CP] Check Pods Manifest.lock";
			outputPaths = (
			);
			runOnlyForDeploymentPostprocessing = 0;
			shellPath = /bin/sh;
			shellScript = "diff \"${PODS_PODFILE_DIR_PATH}/Podfile.lock\" \"${PODS_ROOT}/Manifest.lock\" > /dev/null\nif [ $? != 0 ] ; then\n    # print error to STDERR\n    echo \"error: The sandbox is not in sync with the Podfile.lock. Run 'pod install' or update your CocoaPods installation.\" >&2\n    exit 1\nfi\n";
			showEnvVarsInLog = 0;
		};
/* End PBXShellScriptBuildPhase section */

/* Begin PBXSourcesBuildPhase section */
		A4C409411EF0CFDF0041F285 /* Sources */ = {
			isa = PBXSourcesBuildPhase;
			buildActionMask = 2147483647;
			files = (
				A4A4948D1EF0D97300B8435A /* MLNavigationController.m in Sources */,
				A44267511EF3D0380012BC7F /* YueViewController.m in Sources */,
				A4C4094D1EF0CFDF0041F285 /* AppDelegate.m in Sources */,
				4CAD5A4B1EF2D5A20026A609 /* XueTitleCell.m in Sources */,
				A4C4094A1EF0CFDF0041F285 /* main.m in Sources */,
				A44084831F03AA44006A0F97 /* KeAlbum.m in Sources */,
				A44267491EF3CFFD0012BC7F /* TuViewController.m in Sources */,
				A4A494D21EF1113D00B8435A /* JingDetailCtrl.m in Sources */,
				A49F0DE11EF26B2400D96CBD /* JingListViewController.m in Sources */,
				4C361E081EF164520041B5E3 /* JingTitleCell.m in Sources */,
				4CAD5A461EF2D35B0026A609 /* XueViewController.m in Sources */,
				A440847F1F03A9E8006A0F97 /* KeViewController.m in Sources */,
				A44084871F03ACAF006A0F97 /* KeTitleCell.m in Sources */,
			);
			runOnlyForDeploymentPostprocessing = 0;
		};
		A4C4095A1EF0CFDF0041F285 /* Sources */ = {
			isa = PBXSourcesBuildPhase;
			buildActionMask = 2147483647;
			files = (
				A4C409631EF0CFDF0041F285 /* SutraTests.m in Sources */,
			);
			runOnlyForDeploymentPostprocessing = 0;
		};
		A4C409651EF0CFDF0041F285 /* Sources */ = {
			isa = PBXSourcesBuildPhase;
			buildActionMask = 2147483647;
			files = (
				A4C4096E1EF0CFDF0041F285 /* SutraUITests.m in Sources */,
			);
			runOnlyForDeploymentPostprocessing = 0;
		};
/* End PBXSourcesBuildPhase section */

/* Begin PBXTargetDependency section */
		A4C409601EF0CFDF0041F285 /* PBXTargetDependency */ = {
			isa = PBXTargetDependency;
			target = A4C409441EF0CFDF0041F285 /* Sutra */;
			targetProxy = A4C4095F1EF0CFDF0041F285 /* PBXContainerItemProxy */;
		};
		A4C4096B1EF0CFDF0041F285 /* PBXTargetDependency */ = {
			isa = PBXTargetDependency;
			target = A4C409441EF0CFDF0041F285 /* Sutra */;
			targetProxy = A4C4096A1EF0CFDF0041F285 /* PBXContainerItemProxy */;
		};
/* End PBXTargetDependency section */

/* Begin XCBuildConfiguration section */
		A4C409701EF0CFDF0041F285 /* Debug */ = {
			isa = XCBuildConfiguration;
			buildSettings = {
				ALWAYS_SEARCH_USER_PATHS = NO;
				CLANG_ANALYZER_NONNULL = YES;
				CLANG_ANALYZER_NUMBER_OBJECT_CONVERSION = YES_AGGRESSIVE;
				CLANG_CXX_LANGUAGE_STANDARD = "gnu++0x";
				CLANG_CXX_LIBRARY = "libc++";
				CLANG_ENABLE_MODULES = YES;
				CLANG_ENABLE_OBJC_ARC = YES;
				CLANG_WARN_BOOL_CONVERSION = YES;
				CLANG_WARN_CONSTANT_CONVERSION = YES;
				CLANG_WARN_DIRECT_OBJC_ISA_USAGE = YES_ERROR;
				CLANG_WARN_DOCUMENTATION_COMMENTS = YES;
				CLANG_WARN_EMPTY_BODY = YES;
				CLANG_WARN_ENUM_CONVERSION = YES;
				CLANG_WARN_INFINITE_RECURSION = YES;
				CLANG_WARN_INT_CONVERSION = YES;
				CLANG_WARN_OBJC_ROOT_CLASS = YES_ERROR;
				CLANG_WARN_SUSPICIOUS_MOVE = YES;
				CLANG_WARN_UNREACHABLE_CODE = YES;
				CLANG_WARN__DUPLICATE_METHOD_MATCH = YES;
				"CODE_SIGN_IDENTITY[sdk=iphoneos*]" = "iPhone Developer";
				COPY_PHASE_STRIP = NO;
				DEBUG_INFORMATION_FORMAT = dwarf;
				ENABLE_STRICT_OBJC_MSGSEND = YES;
				ENABLE_TESTABILITY = YES;
				GCC_C_LANGUAGE_STANDARD = gnu99;
				GCC_DYNAMIC_NO_PIC = NO;
				GCC_NO_COMMON_BLOCKS = YES;
				GCC_OPTIMIZATION_LEVEL = 0;
				GCC_PREPROCESSOR_DEFINITIONS = (
					"DEBUG=1",
					"$(inherited)",
				);
				GCC_WARN_64_TO_32_BIT_CONVERSION = YES;
				GCC_WARN_ABOUT_RETURN_TYPE = YES_ERROR;
				GCC_WARN_UNDECLARED_SELECTOR = YES;
				GCC_WARN_UNINITIALIZED_AUTOS = YES_AGGRESSIVE;
				GCC_WARN_UNUSED_FUNCTION = YES;
				GCC_WARN_UNUSED_VARIABLE = YES;
				IPHONEOS_DEPLOYMENT_TARGET = 10.3;
				MTL_ENABLE_DEBUG_INFO = YES;
				ONLY_ACTIVE_ARCH = YES;
				SDKROOT = iphoneos;
			};
			name = Debug;
		};
		A4C409711EF0CFDF0041F285 /* Release */ = {
			isa = XCBuildConfiguration;
			buildSettings = {
				ALWAYS_SEARCH_USER_PATHS = NO;
				CLANG_ANALYZER_NONNULL = YES;
				CLANG_ANALYZER_NUMBER_OBJECT_CONVERSION = YES_AGGRESSIVE;
				CLANG_CXX_LANGUAGE_STANDARD = "gnu++0x";
				CLANG_CXX_LIBRARY = "libc++";
				CLANG_ENABLE_MODULES = YES;
				CLANG_ENABLE_OBJC_ARC = YES;
				CLANG_WARN_BOOL_CONVERSION = YES;
				CLANG_WARN_CONSTANT_CONVERSION = YES;
				CLANG_WARN_DIRECT_OBJC_ISA_USAGE = YES_ERROR;
				CLANG_WARN_DOCUMENTATION_COMMENTS = YES;
				CLANG_WARN_EMPTY_BODY = YES;
				CLANG_WARN_ENUM_CONVERSION = YES;
				CLANG_WARN_INFINITE_RECURSION = YES;
				CLANG_WARN_INT_CONVERSION = YES;
				CLANG_WARN_OBJC_ROOT_CLASS = YES_ERROR;
				CLANG_WARN_SUSPICIOUS_MOVE = YES;
				CLANG_WARN_UNREACHABLE_CODE = YES;
				CLANG_WARN__DUPLICATE_METHOD_MATCH = YES;
				"CODE_SIGN_IDENTITY[sdk=iphoneos*]" = "iPhone Developer";
				COPY_PHASE_STRIP = NO;
				DEBUG_INFORMATION_FORMAT = "dwarf-with-dsym";
				ENABLE_NS_ASSERTIONS = NO;
				ENABLE_STRICT_OBJC_MSGSEND = YES;
				GCC_C_LANGUAGE_STANDARD = gnu99;
				GCC_NO_COMMON_BLOCKS = YES;
				GCC_WARN_64_TO_32_BIT_CONVERSION = YES;
				GCC_WARN_ABOUT_RETURN_TYPE = YES_ERROR;
				GCC_WARN_UNDECLARED_SELECTOR = YES;
				GCC_WARN_UNINITIALIZED_AUTOS = YES_AGGRESSIVE;
				GCC_WARN_UNUSED_FUNCTION = YES;
				GCC_WARN_UNUSED_VARIABLE = YES;
				IPHONEOS_DEPLOYMENT_TARGET = 10.3;
				MTL_ENABLE_DEBUG_INFO = NO;
				SDKROOT = iphoneos;
				VALIDATE_PRODUCT = YES;
			};
			name = Release;
		};
		A4C409731EF0CFDF0041F285 /* Debug */ = {
			isa = XCBuildConfiguration;
			baseConfigurationReference = 67D696DD2913914B88A70510 /* Pods-Sutra.debug.xcconfig */;
			buildSettings = {
				ASSETCATALOG_COMPILER_APPICON_NAME = AppIcon;
				ASSETCATALOG_COMPILER_LAUNCHIMAGE_NAME = LaunchImage;
				DEVELOPMENT_TEAM = NV3296URNT;
				INFOPLIST_FILE = Sutra/Info.plist;
				IPHONEOS_DEPLOYMENT_TARGET = 8.0;
				LD_RUNPATH_SEARCH_PATHS = "$(inherited) @executable_path/Frameworks";
				PRODUCT_BUNDLE_IDENTIFIER = medica.Sutra;
				PRODUCT_NAME = "$(TARGET_NAME)";
			};
			name = Debug;
		};
		A4C409741EF0CFDF0041F285 /* Release */ = {
			isa = XCBuildConfiguration;
			baseConfigurationReference = 6CF3E837423B1993370890B5 /* Pods-Sutra.release.xcconfig */;
			buildSettings = {
				ASSETCATALOG_COMPILER_APPICON_NAME = AppIcon;
				ASSETCATALOG_COMPILER_LAUNCHIMAGE_NAME = LaunchImage;
				DEVELOPMENT_TEAM = NV3296URNT;
				INFOPLIST_FILE = Sutra/Info.plist;
				IPHONEOS_DEPLOYMENT_TARGET = 8.0;
				LD_RUNPATH_SEARCH_PATHS = "$(inherited) @executable_path/Frameworks";
				PRODUCT_BUNDLE_IDENTIFIER = medica.Sutra;
				PRODUCT_NAME = "$(TARGET_NAME)";
			};
			name = Release;
		};
		A4C409761EF0CFDF0041F285 /* Debug */ = {
			isa = XCBuildConfiguration;
			buildSettings = {
				BUNDLE_LOADER = "$(TEST_HOST)";
				DEVELOPMENT_TEAM = TGV2ER7UVL;
				INFOPLIST_FILE = SutraTests/Info.plist;
				LD_RUNPATH_SEARCH_PATHS = "$(inherited) @executable_path/Frameworks @loader_path/Frameworks";
				PRODUCT_BUNDLE_IDENTIFIER = medica.SutraTests;
				PRODUCT_NAME = "$(TARGET_NAME)";
				TEST_HOST = "$(BUILT_PRODUCTS_DIR)/Sutra.app/Sutra";
			};
			name = Debug;
		};
		A4C409771EF0CFDF0041F285 /* Release */ = {
			isa = XCBuildConfiguration;
			buildSettings = {
				BUNDLE_LOADER = "$(TEST_HOST)";
				DEVELOPMENT_TEAM = TGV2ER7UVL;
				INFOPLIST_FILE = SutraTests/Info.plist;
				LD_RUNPATH_SEARCH_PATHS = "$(inherited) @executable_path/Frameworks @loader_path/Frameworks";
				PRODUCT_BUNDLE_IDENTIFIER = medica.SutraTests;
				PRODUCT_NAME = "$(TARGET_NAME)";
				TEST_HOST = "$(BUILT_PRODUCTS_DIR)/Sutra.app/Sutra";
			};
			name = Release;
		};
		A4C409791EF0CFDF0041F285 /* Debug */ = {
			isa = XCBuildConfiguration;
			buildSettings = {
				DEVELOPMENT_TEAM = TGV2ER7UVL;
				INFOPLIST_FILE = SutraUITests/Info.plist;
				LD_RUNPATH_SEARCH_PATHS = "$(inherited) @executable_path/Frameworks @loader_path/Frameworks";
				PRODUCT_BUNDLE_IDENTIFIER = medica.SutraUITests;
				PRODUCT_NAME = "$(TARGET_NAME)";
				TEST_TARGET_NAME = Sutra;
			};
			name = Debug;
		};
		A4C4097A1EF0CFDF0041F285 /* Release */ = {
			isa = XCBuildConfiguration;
			buildSettings = {
				DEVELOPMENT_TEAM = TGV2ER7UVL;
				INFOPLIST_FILE = SutraUITests/Info.plist;
				LD_RUNPATH_SEARCH_PATHS = "$(inherited) @executable_path/Frameworks @loader_path/Frameworks";
				PRODUCT_BUNDLE_IDENTIFIER = medica.SutraUITests;
				PRODUCT_NAME = "$(TARGET_NAME)";
				TEST_TARGET_NAME = Sutra;
			};
			name = Release;
		};
/* End XCBuildConfiguration section */

/* Begin XCConfigurationList section */
		A4C409401EF0CFDF0041F285 /* Build configuration list for PBXProject "Sutra" */ = {
			isa = XCConfigurationList;
			buildConfigurations = (
				A4C409701EF0CFDF0041F285 /* Debug */,
				A4C409711EF0CFDF0041F285 /* Release */,
			);
			defaultConfigurationIsVisible = 0;
			defaultConfigurationName = Release;
		};
		A4C409721EF0CFDF0041F285 /* Build configuration list for PBXNativeTarget "Sutra" */ = {
			isa = XCConfigurationList;
			buildConfigurations = (
				A4C409731EF0CFDF0041F285 /* Debug */,
				A4C409741EF0CFDF0041F285 /* Release */,
			);
			defaultConfigurationIsVisible = 0;
			defaultConfigurationName = Release;
		};
		A4C409751EF0CFDF0041F285 /* Build configuration list for PBXNativeTarget "SutraTests" */ = {
			isa = XCConfigurationList;
			buildConfigurations = (
				A4C409761EF0CFDF0041F285 /* Debug */,
				A4C409771EF0CFDF0041F285 /* Release */,
			);
			defaultConfigurationIsVisible = 0;
			defaultConfigurationName = Release;
		};
		A4C409781EF0CFDF0041F285 /* Build configuration list for PBXNativeTarget "SutraUITests" */ = {
			isa = XCConfigurationList;
			buildConfigurations = (
				A4C409791EF0CFDF0041F285 /* Debug */,
				A4C4097A1EF0CFDF0041F285 /* Release */,
			);
			defaultConfigurationIsVisible = 0;
			defaultConfigurationName = Release;
		};
/* End XCConfigurationList section */
	};
	rootObject = A4C4093D1EF0CFDF0041F285 /* Project object */;
}
