PODS:
  - AFNetworking (3.2.0):
    - AFNetworking/NSURLSession (= 3.2.0)
    - AFNetworking/Reachability (= 3.2.0)
    - AFNetworking/Security (= 3.2.0)
    - AFNetworking/Serialization (= 3.2.0)
    - AFNetworking/UIKit (= 3.2.0)
  - AFNetworking/NSURLSession (3.2.0):
    - AFNetworking/Reachability
    - AFNetworking/Security
    - AFNetworking/Serialization
  - AFNetworking/Reachability (3.2.0)
  - AFNetworking/Security (3.2.0)
  - AFNetworking/Serialization (3.2.0)
  - AFNetworking/UIKit (3.2.0):
    - AFNetworking/NSURLSession
  - AMap2DMap-NO-IDFA (5.6.0):
    - AMapFoundation-NO-IDFA (~> 1.4)
  - AMapFoundation-NO-IDFA (1.4.3)
  - AMapLocation-NO-IDFA (2.6.0):
    - AMapFoundation-NO-IDFA (~> 1.4)
  - AMapSearch-NO-IDFA (5.7.0):
    - AMapFoundation-NO-IDFA (~> 1.4)
  - BaiduMapKit (3.4.4)
  - DACircularProgress (2.3.1)
  - DateTools (2.0.0)
  - GBDeviceInfo (5.1.0):
    - GBDeviceInfo/Core (= 5.1.0)
  - GBDeviceInfo/Core (5.1.0)
  - GVUserDefaults (1.0.2)
  - HappyDNS (0.3.12)
  - HMSegmentedControl (1.5.4)
  - JCore (1.1.7)
  - JPush (3.0.8):
    - JCore (~> 1.1.7)
  - Masonry (1.1.0)
  - MBProgressHUD (1.1.0)
  - MiPushSDK (2.2.8)
  - MJRefresh (3.1.15.3)
  - Qiniu (7.2.3):
    - HappyDNS (~> 0.3)
  - RDVTabBarController (1.1.9)
  - RegexKitLite (4.0)
  - RNCryptor-objc (3.0.5)
  - SDWebImage (4.3.0):
    - SDWebImage/Core (= 4.3.0)
  - SDWebImage/Core (4.3.0)
  - TTTAttributedLabel (2.0.0)
  - UMengAnalytics-NO-IDFA (4.2.5)
  - WebViewJavascriptBridge (6.0.3)
  - YYModel (1.0.4)

DEPENDENCIES:
  - AFNetworking
  - AMap2DMap-NO-IDFA
  - AMapLocation-NO-IDFA
  - AMapSearch-NO-IDFA
  - BaiduMapKit
  - DACircularProgress
  - DateTools
  - GBDeviceInfo
  - GVUserDefaults
  - HMSegmentedControl
  - JPush
  - Masonry
  - MBProgressHUD
  - MiPushSDK
  - MJRefresh
  - Qiniu
  - RDVTabBarController
  - RegexKitLite
  - RNCryptor-objc
  - SDWebImage
  - TTTAttributedLabel
  - UMengAnalytics-NO-IDFA
  - WebViewJavascriptBridge
  - YYModel

SPEC CHECKSUMS:
  AFNetworking: 8ac6017b94ea105479f7776e5288e48ae9c59bb4
  AMap2DMap-NO-IDFA: 277965383679f1a4676df7e1a0439a1e14d0599a
  AMapFoundation-NO-IDFA: b6cbefab250ae8ab2e31aa9bb3dbbb98137cd76f
  AMapLocation-NO-IDFA: a75b762ae9a90840ce683de12504ac843a9f3b6c
  AMapSearch-NO-IDFA: 612a92f75ff20544f42d376dfcf3c034da4ad0b6
  BaiduMapKit: 4ac88f5a363500760392825b69709f4a0125f81e
  DACircularProgress: 4dd437c0fc3da5161cb289e07ac449493d41db71
  DateTools: 933ac9c490f21f92127cf690ccd8c397e0126caf
  GBDeviceInfo: 8e43440ae1264d9a79beea81800363cf192ce322
  GVUserDefaults: 52d48cf8ba578b40a1a76312b196dfc9134ba36a
  HappyDNS: 691a3041128055d09866f86e6e9ca90f24da1f18
  HMSegmentedControl: b25bc4ec44766e073d62c473188fb354ee244b76
  JCore: f7459c81c135281a874a6beafdd321666adcc834
  JPush: 9574d072cc37e93fa293ba69b43ce763c440943a
  Masonry: 678fab65091a9290e40e2832a55e7ab731aad201
  MBProgressHUD: e7baa36a220447d8aeb12769bf0585582f3866d9
  MiPushSDK: cd22d6430f8928a0920c60ff98de89ed5da146d9
  MJRefresh: b48380ae2b927b46c4ef000de9adb8dc748e1df7
  Qiniu: ae0fea1cc379fae1560d8748ac537e0fbeb8626e
  RDVTabBarController: 67794f7a7a37f8e32f046f85ac67d06ab92d624a
  RegexKitLite: c0e4c12e6e7de0769f3a3ed679f0f61604170661
  RNCryptor-objc: a65b15493de05dda4af0f392c70372b7a5625aab
  SDWebImage: 6da6c8bca115addc4de8613362e1b15f66333825
  TTTAttributedLabel: 8cffe8e127e4e82ff3af1e5386d4cd0ad000b656
  UMengAnalytics-NO-IDFA: 16666e32edce5be44ae5b14aaaa7f3582e09d6ab
  WebViewJavascriptBridge: 7f5bc4d3581e672e8f32bd0f812d54bc69bb8e29
  YYModel: 2a7fdd96aaa4b86a824e26d0c517de8928c04b30

PODFILE CHECKSUM: 4cdee94cf385498acfa41a70aea67ff07d282fa5

COCOAPODS: 1.4.0
