PODS:
  - AFNetworking (4.0.1):
    - AFNetworking/NSURLSession (= 4.0.1)
    - AFNetworking/Reachability (= 4.0.1)
    - AFNetworking/Security (= 4.0.1)
    - AFNetworking/Serialization (= 4.0.1)
    - AFNetworking/UIKit (= 4.0.1)
  - AFNetworking/NSURLSession (4.0.1):
    - AFNetworking/Reachability
    - AFNetworking/Security
    - AFNetworking/Serialization
  - AFNetworking/Reachability (4.0.1)
  - AFNetworking/Security (4.0.1)
  - AFNetworking/Serialization (4.0.1)
  - AFNetworking/UIKit (4.0.1):
    - AFNetworking/NSURLSession
  - AMap2DMap-NO-IDFA (5.6.1):
    - AMapFoundation-NO-IDFA (~> 1.4)
  - AMapFoundation-NO-IDFA (1.6.5.1)
  - AMapLocation-NO-IDFA (2.6.7):
    - AMapFoundation-NO-IDFA (~> 1.6.4)
  - AMapSearch-NO-IDFA (7.8.0):
    - AMapFoundation-NO-IDFA (~> 1.6.4)
  - BaiduMapKit (6.2.0):
    - BaiduMapKit/Base (= 6.2.0)
    - BaiduMapKit/Cloud (= 6.2.0)
    - BaiduMapKit/Map (= 6.2.0)
    - BaiduMapKit/Search (= 6.2.0)
    - BaiduMapKit/Utils (= 6.2.0)
  - BaiduMapKit/Base (6.2.0)
  - BaiduMapKit/Cloud (6.2.0):
    - BaiduMapKit/Base
  - BaiduMapKit/Map (6.2.0):
    - BaiduMapKit/Base
  - BaiduMapKit/Search (6.2.0):
    - BaiduMapKit/Base
  - BaiduMapKit/Utils (6.2.0):
    - BaiduMapKit/Base
  - DACircularProgress (2.3.1)
  - DateTools (2.0.0)
  - GBDeviceInfo (6.6.0):
    - GBDeviceInfo/Core (= 6.6.0)
  - GBDeviceInfo/Core (6.6.0)
  - GVUserDefaults (1.0.2)
  - HappyDNS (0.3.17)
  - HMSegmentedControl (1.5.6)
  - JCore (2.4.0)
  - JPush (3.4.0):
    - JCore (< 3.0.0, >= 2.0.0)
  - Masonry (1.1.0)
  - MBProgressHUD (1.2.0)
  - MiPushSDK (2.2.8)
  - MJRefresh (3.5.0)
  - Qiniu (8.1.2):
    - HappyDNS (~> 0.3.17)
  - RDVTabBarController (1.3.0)
  - RegexKitLite (4.0)
  - RNCryptor-objc (3.0.6)
  - SDWebImage (5.10.4):
    - SDWebImage/Core (= 5.10.4)
  - SDWebImage/Core (5.10.4)
  - TTTAttributedLabel (2.0.0)
  - UMengAnalytics-NO-IDFA (4.2.5)
  - WebViewJavascriptBridge (6.0.3)
  - YYModel (1.0.4)

DEPENDENCIES:
  - AFNetworking
  - AMap2DMap-NO-IDFA
  - AMapLocation-NO-IDFA
  - AMapSearch-NO-IDFA
  - BaiduMapKit
  - DACircularProgress
  - DateTools
  - GBDeviceInfo
  - GVUserDefaults
  - HMSegmentedControl
  - JPush
  - Masonry
  - MBProgressHUD
  - MiPushSDK
  - MJRefresh
  - Qiniu
  - RDVTabBarController
  - RegexKitLite
  - RNCryptor-objc
  - SDWebImage
  - TTTAttributedLabel
  - UMengAnalytics-NO-IDFA
  - WebViewJavascriptBridge
  - YYModel

SPEC REPOS:
  https://mirrors.tuna.tsinghua.edu.cn/git/CocoaPods/Specs.git:
    - AFNetworking
    - AMap2DMap-NO-IDFA
    - AMapFoundation-NO-IDFA
    - AMapLocation-NO-IDFA
    - AMapSearch-NO-IDFA
    - BaiduMapKit
    - DACircularProgress
    - DateTools
    - GBDeviceInfo
    - GVUserDefaults
    - HappyDNS
    - HMSegmentedControl
    - JCore
    - JPush
    - Masonry
    - MBProgressHUD
    - MiPushSDK
    - MJRefresh
    - Qiniu
    - RDVTabBarController
    - RegexKitLite
    - RNCryptor-objc
    - SDWebImage
    - TTTAttributedLabel
    - UMengAnalytics-NO-IDFA
    - WebViewJavascriptBridge
    - YYModel

SPEC CHECKSUMS:
  AFNetworking: 7864c38297c79aaca1500c33288e429c3451fdce
  AMap2DMap-NO-IDFA: ccecb3e2a044c17e6badb9b91c950e709368be20
  AMapFoundation-NO-IDFA: 0cf5f6c6de2725bcd868ed5aa756d12bc1a8f463
  AMapLocation-NO-IDFA: 2a3edfee336b38481b892e1ecc85df0f6b365851
  AMapSearch-NO-IDFA: 1ae997ebbd0eef87c7d240ed926eb5de51a2652d
  BaiduMapKit: 907c6d9b74f66c3ff4741fc4b568ae0b339917f8
  DACircularProgress: 4dd437c0fc3da5161cb289e07ac449493d41db71
  DateTools: 933ac9c490f21f92127cf690ccd8c397e0126caf
  GBDeviceInfo: ed0db16230d2fa280e1cbb39a5a7f60f6946aaec
  GVUserDefaults: 52d48cf8ba578b40a1a76312b196dfc9134ba36a
  HappyDNS: 848ef73e24f2b0e2752064223ce2dc0dd88900ea
  HMSegmentedControl: 34c1f54d822d8308e7b24f5d901ec674dfa31352
  JCore: a29e4b0ee54e1301446dc02d8e1c350404108b34
  JPush: defaa108c38806f6efdcfaf4c416854d25fca8e5
  Masonry: 678fab65091a9290e40e2832a55e7ab731aad201
  MBProgressHUD: 3ee5efcc380f6a79a7cc9b363dd669c5e1ae7406
  MiPushSDK: cd22d6430f8928a0920c60ff98de89ed5da146d9
  MJRefresh: 6afc955813966afb08305477dd7a0d9ad5e79a16
  Qiniu: 227df98daf83303c3684bce92b8dbcf7689c59fe
  RDVTabBarController: 28a5c6546b9991cf2712d59947324c6b06603e14
  RegexKitLite: c0e4c12e6e7de0769f3a3ed679f0f61604170661
  RNCryptor-objc: d1b228f9c02e2173df063f0617684c134aed890e
  SDWebImage: c666b97e1fa9c64b4909816a903322018f0a9c84
  TTTAttributedLabel: 8cffe8e127e4e82ff3af1e5386d4cd0ad000b656
  UMengAnalytics-NO-IDFA: 16666e32edce5be44ae5b14aaaa7f3582e09d6ab
  WebViewJavascriptBridge: 7f5bc4d3581e672e8f32bd0f812d54bc69bb8e29
  YYModel: 2a7fdd96aaa4b86a824e26d0c517de8928c04b30

PODFILE CHECKSUM: b930cebc7a4f27a45ff58d0a47dcef1f014cd41c

COCOAPODS: 1.10.1
