PODS:
  - AFNetworking (3.1.0):
    - AFNetworking/NSURLSession (= 3.1.0)
    - AFNetworking/Reachability (= 3.1.0)
    - AFNetworking/Security (= 3.1.0)
    - AFNetworking/Serialization (= 3.1.0)
    - AFNetworking/UIKit (= 3.1.0)
  - AFNetworking/NSURLSession (3.1.0):
    - AFNetworking/Reachability
    - AFNetworking/Security
    - AFNetworking/Serialization
  - AFNetworking/Reachability (3.1.0)
  - AFNetworking/Security (3.1.0)
  - AFNetworking/Serialization (3.1.0)
  - AFNetworking/UIKit (3.1.0):
    - AFNetworking/NSURLSession
  - AMap2DMap-NO-IDFA (4.6.0):
    - AMapFoundation-NO-IDFA (~> 1.3)
  - AMapFoundation-NO-IDFA (1.4.2)
  - AMapLocation-NO-IDFA (2.4.0):
    - AMapFoundation-NO-IDFA (~> 1.4)
  - AMapSearch-NO-IDFA (5.4.0):
    - AMapFoundation-NO-IDFA (~> 1.4)
  - BaiduMapKit (3.4.0)
  - DACircularProgress (2.3.1)
  - DateTools (2.0.0)
  - GBDeviceInfo (4.4.0):
    - GBDeviceInfo/Core (= 4.4.0)
  - GBDeviceInfo/Core (4.4.0)
  - GVUserDefaults (1.0.2)
  - HappyDNS (0.3.12)
  - HMSegmentedControl (1.5.4)
  - JCore (1.1.5)
  - JPush (3.0.6):
    - JCore (~> 1.1.1)
  - Masonry (1.1.0)
  - MBProgressHUD (1.0.0)
  - MiPushSDK (2.2.4)
  - MJRefresh (3.1.14)
  - Qiniu (7.1.8):
    - AFNetworking (~> 3)
    - HappyDNS (~> 0.3)
  - RDVTabBarController (1.1.9)
  - RegexKitLite (4.0)
  - RNCryptor-objc (3.0.5)
  - SDWebImage (4.1.2):
    - SDWebImage/Core (= 4.1.2)
  - SDWebImage/Core (4.1.2)
  - TTTAttributedLabel (2.0.0)
  - UMengAnalytics-NO-IDFA (4.2.5)
  - WebViewJavascriptBridge (6.0.2)
  - YYModel (1.0.4)

DEPENDENCIES:
  - AFNetworking
  - AMap2DMap-NO-IDFA
  - AMapLocation-NO-IDFA
  - AMapSearch-NO-IDFA
  - BaiduMapKit
  - DACircularProgress
  - DateTools
  - GBDeviceInfo
  - GVUserDefaults
  - HMSegmentedControl
  - JPush
  - Masonry
  - MBProgressHUD
  - MiPushSDK
  - MJRefresh
  - Qiniu
  - RDVTabBarController
  - RegexKitLite
  - RNCryptor-objc
  - SDWebImage
  - TTTAttributedLabel
  - UMengAnalytics-NO-IDFA
  - WebViewJavascriptBridge
  - YYModel

SPEC CHECKSUMS:
  AFNetworking: 5e0e199f73d8626b11e79750991f5d173d1f8b67
  AMap2DMap-NO-IDFA: 01c80e7e93568617b1b1b452cfec71f974f5bc8a
  AMapFoundation-NO-IDFA: 3b9ce87abc6a37c718cc320687469d0b74d5c953
  AMapLocation-NO-IDFA: 9493012d3241a7d551942c7c1e1069b51f295083
  AMapSearch-NO-IDFA: efddeaa3f62f6adb8f0170ebff3d799bcf637ade
  BaiduMapKit: 0a5e5e0b1e3fd8dc5aceb40ab9b89e52e1d13df9
  DACircularProgress: 4dd437c0fc3da5161cb289e07ac449493d41db71
  DateTools: 933ac9c490f21f92127cf690ccd8c397e0126caf
  GBDeviceInfo: 2ec90c6808d063061b16773ec8e857257058dc5d
  GVUserDefaults: 52d48cf8ba578b40a1a76312b196dfc9134ba36a
  HappyDNS: 691a3041128055d09866f86e6e9ca90f24da1f18
  HMSegmentedControl: b25bc4ec44766e073d62c473188fb354ee244b76
  JCore: 9bd9c770c877c583d98b90a68792b8361974c231
  JPush: c41be50eb1a574a66aeb68d237f00a4ec6ec3a82
  Masonry: 678fab65091a9290e40e2832a55e7ab731aad201
  MBProgressHUD: 4890f671c94e8a0f3cf959aa731e9de2f036d71a
  MiPushSDK: a00fd49376456a961991b947bc95ef714f7e9534
  MJRefresh: 6642e35b3227a5447b9fd5e17c552c90196c9859
  Qiniu: 2f1b9d13904b6a7608a66a2d02c5b7b24575622a
  RDVTabBarController: 67794f7a7a37f8e32f046f85ac67d06ab92d624a
  RegexKitLite: c0e4c12e6e7de0769f3a3ed679f0f61604170661
  RNCryptor-objc: a65b15493de05dda4af0f392c70372b7a5625aab
  SDWebImage: cb6f9f266a9977741efcbc21e618e8be3734c774
  TTTAttributedLabel: 8cffe8e127e4e82ff3af1e5386d4cd0ad000b656
  UMengAnalytics-NO-IDFA: 16666e32edce5be44ae5b14aaaa7f3582e09d6ab
  WebViewJavascriptBridge: 791ee0e26d1bf15efe5fb7fb9666a71a19b89d77
  YYModel: 2a7fdd96aaa4b86a824e26d0c517de8928c04b30

PODFILE CHECKSUM: 4cdee94cf385498acfa41a70aea67ff07d282fa5

COCOAPODS: 1.4.0.beta.1
